
Microsoft Visual Studio Solution File, Format Version 12.00
# Visual Studio Version 17
VisualStudioVersion = 17.5.33424.131
MinimumVisualStudioVersion = 10.0.40219.1
Project("{FAE04EC0-301F-11D3-BF4B-00C04F79EFBC}") = "IRule", "IRule\IRule.csproj", "{4F3C2179-EF5B-46C4-9D10-BB4DD0F66A06}"
EndProject
Project("{FAE04EC0-301F-11D3-BF4B-00C04F79EFBC}") = "IRule.Tests", "IRule.Tests\IRule.Tests.csproj", "{4899C913-0ECB-4050-BF6C-1F4EEBF43D93}"
EndProject
Global
	GlobalSection(SolutionConfigurationPlatforms) = preSolution
		Debug|Any CPU = Debug|Any CPU
		Release|Any CPU = Release|Any CPU
	EndGlobalSection
	GlobalSection(ProjectConfigurationPlatforms) = postSolution
		{4F3C2179-EF5B-46C4-9D10-BB4DD0F66A06}.Debug|Any CPU.ActiveCfg = Debug|Any CPU
		{4F3C2179-EF5B-46C4-9D10-BB4DD0F66A06}.Debug|Any CPU.Build.0 = Debug|Any CPU
		{4F3C2179-EF5B-46C4-9D10-BB4DD0F66A06}.Release|Any CPU.ActiveCfg = Release|Any CPU
		{4F3C2179-EF5B-46C4-9D10-BB4DD0F66A06}.Release|Any CPU.Build.0 = Release|Any CPU
		{4899C913-0ECB-4050-BF6C-1F4EEBF43D93}.Debug|Any CPU.ActiveCfg = Debug|Any CPU
		{4899C913-0ECB-4050-BF6C-1F4EEBF43D93}.Debug|Any CPU.Build.0 = Debug|Any CPU
		{4899C913-0ECB-4050-BF6C-1F4EEBF43D93}.Release|Any CPU.ActiveCfg = Release|Any CPU
		{4899C913-0ECB-4050-BF6C-1F4EEBF43D93}.Release|Any CPU.Build.0 = Release|Any CPU
	EndGlobalSection
	GlobalSection(SolutionProperties) = preSolution
		HideSolutionNode = FALSE
	EndGlobalSection
	GlobalSection(ExtensibilityGlobals) = postSolution
		SolutionGuid = {C3765CD5-2AD1-48C9-BF40-6474A7DDEE92}
	EndGlobalSection
EndGlobal
